
Microsoft Visual Studio Solution File, Format Version 12.00
# Visual Studio Version 17
VisualStudioVersion = 17.7.34031.279
MinimumVisualStudioVersion = 10.0.40219.1
Project("{9A19103F-16F7-4668-BE54-9A1E7A4F7556}") = "AddEntityToTheTable", "AzureTable\AddEntityToTheTable.csproj", "{D1F0E871-22BD-4EB6-8B33-7CA592CB644F}"
EndProject
Project("{9A19103F-16F7-4668-BE54-9A1E7A4F7556}") = "RetriveTheDataToTheTable", "RetriveTheDataToTheTable\RetriveTheDataToTheTable.csproj", "{E1BB804F-8C3A-4DC1-8355-4D1AF18D920C}"
EndProject
Project("{9A19103F-16F7-4668-BE54-9A1E7A4F7556}") = "UpdateTheEntity", "UpdateTheEntity\UpdateTheEntity.csproj", "{7AD5F121-E350-47F8-B857-8C3D6BF52B22}"
EndProject
Project("{9A19103F-16F7-4668-BE54-9A1E7A4F7556}") = "DeleteTheEntity", "DeleteTheEntity\DeleteTheEntity.csproj", "{68190B39-2450-449C-A32A-1D49241D2DB8}"
EndProject
Project("{2150E333-8FDC-42A3-9474-1A3956D46DE8}") = "Combine", "Combine", "{092B7E71-D815-4B64-AD6E-0FFE0F61314F}"
EndProject
Project("{FAE04EC0-301F-11D3-BF4B-00C04F79EFBC}") = "AzureCustomerTable", "AzureCustomerTable\AzureCustomerTable.csproj", "{458F835F-926B-4F6A-9C4D-9AAEBC27D1D9}"
EndProject
Project("{FAE04EC0-301F-11D3-BF4B-00C04F79EFBC}") = "StorageTableCrud", "StorageTableCrud\StorageTableCrud.csproj", "{BD3BDECA-0D56-4AAE-A145-5A41CE9DEAC5}"
EndProject
Global
	GlobalSection(SolutionConfigurationPlatforms) = preSolution
		Debug|Any CPU = Debug|Any CPU
		Release|Any CPU = Release|Any CPU
	EndGlobalSection
	GlobalSection(ProjectConfigurationPlatforms) = postSolution
		{D1F0E871-22BD-4EB6-8B33-7CA592CB644F}.Debug|Any CPU.ActiveCfg = Debug|Any CPU
		{D1F0E871-22BD-4EB6-8B33-7CA592CB644F}.Debug|Any CPU.Build.0 = Debug|Any CPU
		{D1F0E871-22BD-4EB6-8B33-7CA592CB644F}.Release|Any CPU.ActiveCfg = Release|Any CPU
		{D1F0E871-22BD-4EB6-8B33-7CA592CB644F}.Release|Any CPU.Build.0 = Release|Any CPU
		{E1BB804F-8C3A-4DC1-8355-4D1AF18D920C}.Debug|Any CPU.ActiveCfg = Debug|Any CPU
		{E1BB804F-8C3A-4DC1-8355-4D1AF18D920C}.Debug|Any CPU.Build.0 = Debug|Any CPU
		{E1BB804F-8C3A-4DC1-8355-4D1AF18D920C}.Release|Any CPU.ActiveCfg = Release|Any CPU
		{E1BB804F-8C3A-4DC1-8355-4D1AF18D920C}.Release|Any CPU.Build.0 = Release|Any CPU
		{7AD5F121-E350-47F8-B857-8C3D6BF52B22}.Debug|Any CPU.ActiveCfg = Debug|Any CPU
		{7AD5F121-E350-47F8-B857-8C3D6BF52B22}.Debug|Any CPU.Build.0 = Debug|Any CPU
		{7AD5F121-E350-47F8-B857-8C3D6BF52B22}.Release|Any CPU.ActiveCfg = Release|Any CPU
		{7AD5F121-E350-47F8-B857-8C3D6BF52B22}.Release|Any CPU.Build.0 = Release|Any CPU
		{68190B39-2450-449C-A32A-1D49241D2DB8}.Debug|Any CPU.ActiveCfg = Debug|Any CPU
		{68190B39-2450-449C-A32A-1D49241D2DB8}.Debug|Any CPU.Build.0 = Debug|Any CPU
		{68190B39-2450-449C-A32A-1D49241D2DB8}.Release|Any CPU.ActiveCfg = Release|Any CPU
		{68190B39-2450-449C-A32A-1D49241D2DB8}.Release|Any CPU.Build.0 = Release|Any CPU
		{458F835F-926B-4F6A-9C4D-9AAEBC27D1D9}.Debug|Any CPU.ActiveCfg = Debug|Any CPU
		{458F835F-926B-4F6A-9C4D-9AAEBC27D1D9}.Debug|Any CPU.Build.0 = Debug|Any CPU
		{458F835F-926B-4F6A-9C4D-9AAEBC27D1D9}.Release|Any CPU.ActiveCfg = Release|Any CPU
		{458F835F-926B-4F6A-9C4D-9AAEBC27D1D9}.Release|Any CPU.Build.0 = Release|Any CPU
		{BD3BDECA-0D56-4AAE-A145-5A41CE9DEAC5}.Debug|Any CPU.ActiveCfg = Debug|Any CPU
		{BD3BDECA-0D56-4AAE-A145-5A41CE9DEAC5}.Debug|Any CPU.Build.0 = Debug|Any CPU
		{BD3BDECA-0D56-4AAE-A145-5A41CE9DEAC5}.Release|Any CPU.ActiveCfg = Release|Any CPU
		{BD3BDECA-0D56-4AAE-A145-5A41CE9DEAC5}.Release|Any CPU.Build.0 = Release|Any CPU
	EndGlobalSection
	GlobalSection(SolutionProperties) = preSolution
		HideSolutionNode = FALSE
	EndGlobalSection
	GlobalSection(NestedProjects) = preSolution
		{458F835F-926B-4F6A-9C4D-9AAEBC27D1D9} = {092B7E71-D815-4B64-AD6E-0FFE0F61314F}
	EndGlobalSection
	GlobalSection(ExtensibilityGlobals) = postSolution
		SolutionGuid = {5701D9AF-5FF7-42C2-A8C5-516E302ABF9B}
	EndGlobalSection
EndGlobal
